
Microsoft Visual Studio Solution File, Format Version 12.00
# Visual Studio Version 16
VisualStudioVersion = 16.0.31129.286
MinimumVisualStudioVersion = 10.0.40219.1
Project("{FAE04EC0-301F-11D3-BF4B-00C04F79EFBC}") = "tmpk.Android", "tmpk\tmpk.Android\tmpk.Android.csproj", "{4A94E484-A5D4-471C-BFB4-E4E30DD02B26}"
EndProject
Project("{FAE04EC0-301F-11D3-BF4B-00C04F79EFBC}") = "tmpk.iOS", "tmpk\tmpk.iOS\tmpk.iOS.csproj", "{2CD61EF4-8E62-402B-9362-20E3C6D8E781}"
EndProject
Project("{FAE04EC0-301F-11D3-BF4B-00C04F79EFBC}") = "tmpk", "tmpk\tmpk\tmpk.csproj", "{5825C660-4CD7-4BEC-9AFE-6A203E0CDE6D}"
EndProject
Global
	GlobalSection(SolutionConfigurationPlatforms) = preSolution
		Debug|Any CPU = Debug|Any CPU
		Debug|iPhone = Debug|iPhone
		Debug|iPhoneSimulator = Debug|iPhoneSimulator
		Release|Any CPU = Release|Any CPU
		Release|iPhone = Release|iPhone
		Release|iPhoneSimulator = Release|iPhoneSimulator
	EndGlobalSection
	GlobalSection(ProjectConfigurationPlatforms) = postSolution
		{4A94E484-A5D4-471C-BFB4-E4E30DD02B26}.Debug|Any CPU.ActiveCfg = Debug|Any CPU
		{4A94E484-A5D4-471C-BFB4-E4E30DD02B26}.Debug|Any CPU.Build.0 = Debug|Any CPU
		{4A94E484-A5D4-471C-BFB4-E4E30DD02B26}.Debug|Any CPU.Deploy.0 = Debug|Any CPU
		{4A94E484-A5D4-471C-BFB4-E4E30DD02B26}.Debug|iPhone.ActiveCfg = Debug|Any CPU
		{4A94E484-A5D4-471C-BFB4-E4E30DD02B26}.Debug|iPhone.Build.0 = Debug|Any CPU
		{4A94E484-A5D4-471C-BFB4-E4E30DD02B26}.Debug|iPhone.Deploy.0 = Debug|Any CPU
		{4A94E484-A5D4-471C-BFB4-E4E30DD02B26}.Debug|iPhoneSimulator.ActiveCfg = Debug|Any CPU
		{4A94E484-A5D4-471C-BFB4-E4E30DD02B26}.Debug|iPhoneSimulator.Build.0 = Debug|Any CPU
		{4A94E484-A5D4-471C-BFB4-E4E30DD02B26}.Debug|iPhoneSimulator.Deploy.0 = Debug|Any CPU
		{4A94E484-A5D4-471C-BFB4-E4E30DD02B26}.Release|Any CPU.ActiveCfg = Release|Any CPU
		{4A94E484-A5D4-471C-BFB4-E4E30DD02B26}.Release|Any CPU.Build.0 = Release|Any CPU
		{4A94E484-A5D4-471C-BFB4-E4E30DD02B26}.Release|Any CPU.Deploy.0 = Release|Any CPU
		{4A94E484-A5D4-471C-BFB4-E4E30DD02B26}.Release|iPhone.ActiveCfg = Release|Any CPU
		{4A94E484-A5D4-471C-BFB4-E4E30DD02B26}.Release|iPhone.Build.0 = Release|Any CPU
		{4A94E484-A5D4-471C-BFB4-E4E30DD02B26}.Release|iPhone.Deploy.0 = Release|Any CPU
		{4A94E484-A5D4-471C-BFB4-E4E30DD02B26}.Release|iPhoneSimulator.ActiveCfg = Release|Any CPU
		{4A94E484-A5D4-471C-BFB4-E4E30DD02B26}.Release|iPhoneSimulator.Build.0 = Release|Any CPU
		{4A94E484-A5D4-471C-BFB4-E4E30DD02B26}.Release|iPhoneSimulator.Deploy.0 = Release|Any CPU
		{2CD61EF4-8E62-402B-9362-20E3C6D8E781}.Debug|Any CPU.ActiveCfg = Debug|iPhone
		{2CD61EF4-8E62-402B-9362-20E3C6D8E781}.Debug|Any CPU.Build.0 = Debug|iPhone
		{2CD61EF4-8E62-402B-9362-20E3C6D8E781}.Debug|Any CPU.Deploy.0 = Debug|iPhone
		{2CD61EF4-8E62-402B-9362-20E3C6D8E781}.Debug|iPhone.ActiveCfg = Debug|iPhone
		{2CD61EF4-8E62-402B-9362-20E3C6D8E781}.Debug|iPhone.Build.0 = Debug|iPhone
		{2CD61EF4-8E62-402B-9362-20E3C6D8E781}.Debug|iPhone.Deploy.0 = Debug|iPhone
		{2CD61EF4-8E62-402B-9362-20E3C6D8E781}.Debug|iPhoneSimulator.ActiveCfg = Debug|iPhoneSimulator
		{2CD61EF4-8E62-402B-9362-20E3C6D8E781}.Debug|iPhoneSimulator.Build.0 = Debug|iPhoneSimulator
		{2CD61EF4-8E62-402B-9362-20E3C6D8E781}.Debug|iPhoneSimulator.Deploy.0 = Debug|iPhoneSimulator
		{2CD61EF4-8E62-402B-9362-20E3C6D8E781}.Release|Any CPU.ActiveCfg = Release|iPhoneSimulator
		{2CD61EF4-8E62-402B-9362-20E3C6D8E781}.Release|Any CPU.Build.0 = Release|iPhoneSimulator
		{2CD61EF4-8E62-402B-9362-20E3C6D8E781}.Release|Any CPU.Deploy.0 = Release|iPhoneSimulator
		{2CD61EF4-8E62-402B-9362-20E3C6D8E781}.Release|iPhone.ActiveCfg = Release|iPhone
		{2CD61EF4-8E62-402B-9362-20E3C6D8E781}.Release|iPhone.Build.0 = Release|iPhone
		{2CD61EF4-8E62-402B-9362-20E3C6D8E781}.Release|iPhone.Deploy.0 = Release|iPhone
		{2CD61EF4-8E62-402B-9362-20E3C6D8E781}.Release|iPhoneSimulator.ActiveCfg = Release|iPhoneSimulator
		{2CD61EF4-8E62-402B-9362-20E3C6D8E781}.Release|iPhoneSimulator.Build.0 = Release|iPhoneSimulator
		{2CD61EF4-8E62-402B-9362-20E3C6D8E781}.Release|iPhoneSimulator.Deploy.0 = Release|iPhoneSimulator
		{5825C660-4CD7-4BEC-9AFE-6A203E0CDE6D}.Debug|Any CPU.ActiveCfg = Debug|Any CPU
		{5825C660-4CD7-4BEC-9AFE-6A203E0CDE6D}.Debug|Any CPU.Build.0 = Debug|Any CPU
		{5825C660-4CD7-4BEC-9AFE-6A203E0CDE6D}.Debug|Any CPU.Deploy.0 = Debug|Any CPU
		{5825C660-4CD7-4BEC-9AFE-6A203E0CDE6D}.Debug|iPhone.ActiveCfg = Debug|Any CPU
		{5825C660-4CD7-4BEC-9AFE-6A203E0CDE6D}.Debug|iPhone.Build.0 = Debug|Any CPU
		{5825C660-4CD7-4BEC-9AFE-6A203E0CDE6D}.Debug|iPhone.Deploy.0 = Debug|Any CPU
		{5825C660-4CD7-4BEC-9AFE-6A203E0CDE6D}.Debug|iPhoneSimulator.ActiveCfg = Debug|Any CPU
		{5825C660-4CD7-4BEC-9AFE-6A203E0CDE6D}.Debug|iPhoneSimulator.Build.0 = Debug|Any CPU
		{5825C660-4CD7-4BEC-9AFE-6A203E0CDE6D}.Debug|iPhoneSimulator.Deploy.0 = Debug|Any CPU
		{5825C660-4CD7-4BEC-9AFE-6A203E0CDE6D}.Release|Any CPU.ActiveCfg = Release|Any CPU
		{5825C660-4CD7-4BEC-9AFE-6A203E0CDE6D}.Release|Any CPU.Build.0 = Release|Any CPU
		{5825C660-4CD7-4BEC-9AFE-6A203E0CDE6D}.Release|Any CPU.Deploy.0 = Release|Any CPU
		{5825C660-4CD7-4BEC-9AFE-6A203E0CDE6D}.Release|iPhone.ActiveCfg = Release|Any CPU
		{5825C660-4CD7-4BEC-9AFE-6A203E0CDE6D}.Release|iPhone.Build.0 = Release|Any CPU
		{5825C660-4CD7-4BEC-9AFE-6A203E0CDE6D}.Release|iPhone.Deploy.0 = Release|Any CPU
		{5825C660-4CD7-4BEC-9AFE-6A203E0CDE6D}.Release|iPhoneSimulator.ActiveCfg = Release|Any CPU
		{5825C660-4CD7-4BEC-9AFE-6A203E0CDE6D}.Release|iPhoneSimulator.Build.0 = Release|Any CPU
		{5825C660-4CD7-4BEC-9AFE-6A203E0CDE6D}.Release|iPhoneSimulator.Deploy.0 = Release|Any CPU
	EndGlobalSection
	GlobalSection(SolutionProperties) = preSolution
		HideSolutionNode = FALSE
	EndGlobalSection
	GlobalSection(ExtensibilityGlobals) = postSolution
		SolutionGuid = {EDD71A36-E994-4203-B9E7-8B872F47FB49}
	EndGlobalSection
EndGlobal
